version = 1
requires-python = ">=3.11"

[[package]]
name = "pydantic"
version = "2.13.4"
source = { registry = "https://pypi.org/simple" }

[[package]]
name = "pydantic-core"
version = "2.33.2"
source = { registry = "https://pypi.org/simple" }

[[package]]
name = "ruamel-yaml"
version = "0.18.6"
source = { registry = "https://pypi.org/simple" }

[[package]]
name = "black"
version = "24.10.0"
source = { registry = "https://pypi.org/simple" }

[[package]]
name = "mypy"
version = "1.14.1"
source = { registry = "https://pypi.org/simple" }

[[package]]
name = "ruff"
version = "0.9.0"
source = { registry = "https://pypi.org/simple" }
